
Microsoft Visual Studio Solution File, Format Version 12.00
# Visual Studio Version 16
VisualStudioVersion = 16.0.31105.61
MinimumVisualStudioVersion = 10.0.40219.1
Project("{8BC9CEB8-8B4A-11D0-8D11-00A0C91BC942}") = "dinamic memory 3", "dinamic memory 3\dinamic memory 3.vcxproj", "{29AA3F12-F5D3-441F-B711-8B10D2EC202F}"
EndProject
Global
	GlobalSection(SolutionConfigurationPlatforms) = preSolution
		Debug|x64 = Debug|x64
		Debug|x86 = Debug|x86
		Release|x64 = Release|x64
		Release|x86 = Release|x86
	EndGlobalSection
	GlobalSection(ProjectConfigurationPlatforms) = postSolution
		{29AA3F12-F5D3-441F-B711-8B10D2EC202F}.Debug|x64.ActiveCfg = Debug|x64
		{29AA3F12-F5D3-441F-B711-8B10D2EC202F}.Debug|x64.Build.0 = Debug|x64
		{29AA3F12-F5D3-441F-B711-8B10D2EC202F}.Debug|x86.ActiveCfg = Debug|Win32
		{29AA3F12-F5D3-441F-B711-8B10D2EC202F}.Debug|x86.Build.0 = Debug|Win32
		{29AA3F12-F5D3-441F-B711-8B10D2EC202F}.Release|x64.ActiveCfg = Release|x64
		{29AA3F12-F5D3-441F-B711-8B10D2EC202F}.Release|x64.Build.0 = Release|x64
		{29AA3F12-F5D3-441F-B711-8B10D2EC202F}.Release|x86.ActiveCfg = Release|Win32
		{29AA3F12-F5D3-441F-B711-8B10D2EC202F}.Release|x86.Build.0 = Release|Win32
	EndGlobalSection
	GlobalSection(SolutionProperties) = preSolution
		HideSolutionNode = FALSE
	EndGlobalSection
	GlobalSection(ExtensibilityGlobals) = postSolution
		SolutionGuid = {3BFECF86-09EC-434D-BD60-417DAAF02976}
	EndGlobalSection
EndGlobal
